
Microsoft Visual Studio Solution File, Format Version 12.00
# Visual Studio Version 17
VisualStudioVersion = 17.14.36327.8
MinimumVisualStudioVersion = 10.0.40219.1
Project("{2150E333-8FDC-42A3-9474-1A3956D46DE8}") = "Editor Sources", "Editor Sources", "{02EA681E-C7D8-13C7-8484-4AC65E1B71E8}"
EndProject
Project("{FAE04EC0-301F-11D3-BF4B-00C04F79EFBC}") = "Somatic", "src\Editor\Somatic\Somatic.csproj", "{9EEBBE2D-8C68-4810-8D60-896A561B89DA}"
EndProject
Project("{2150E333-8FDC-42A3-9474-1A3956D46DE8}") = "Engines  Sources", "Engines  Sources", "{7E17B1C8-37AA-4222-9272-F103A5A09022}"
EndProject
Global
	GlobalSection(SolutionConfigurationPlatforms) = preSolution
		Debug|Any CPU = Debug|Any CPU
		Release|Any CPU = Release|Any CPU
	EndGlobalSection
	GlobalSection(ProjectConfigurationPlatforms) = postSolution
		{9EEBBE2D-8C68-4810-8D60-896A561B89DA}.Debug|Any CPU.ActiveCfg = Debug|Any CPU
		{9EEBBE2D-8C68-4810-8D60-896A561B89DA}.Debug|Any CPU.Build.0 = Debug|Any CPU
		{9EEBBE2D-8C68-4810-8D60-896A561B89DA}.Release|Any CPU.ActiveCfg = Release|Any CPU
		{9EEBBE2D-8C68-4810-8D60-896A561B89DA}.Release|Any CPU.Build.0 = Release|Any CPU
	EndGlobalSection
	GlobalSection(SolutionProperties) = preSolution
		HideSolutionNode = FALSE
	EndGlobalSection
	GlobalSection(NestedProjects) = preSolution
		{9EEBBE2D-8C68-4810-8D60-896A561B89DA} = {02EA681E-C7D8-13C7-8484-4AC65E1B71E8}
	EndGlobalSection
	GlobalSection(ExtensibilityGlobals) = postSolution
		SolutionGuid = {7FEE0EB5-EB76-4043-B317-D72E4185236F}
	EndGlobalSection
EndGlobal
